
Microsoft Visual Studio Solution File, Format Version 12.00
# Visual Studio Version 16
VisualStudioVersion = 25.0.1706.9
MinimumVisualStudioVersion = 10.0.40219.1
Project("{FAE04EC0-301F-11D3-BF4B-00C04F79EFBC}") = "QRMenuAPI", "QRMenuAPI\QRMenuAPI.csproj", "{5CC37FB3-F69F-4A4F-9B92-AD29521C2DBD}"
EndProject
Global
	GlobalSection(SolutionConfigurationPlatforms) = preSolution
		Debug|Any CPU = Debug|Any CPU
		Release|Any CPU = Release|Any CPU
	EndGlobalSection
	GlobalSection(ProjectConfigurationPlatforms) = postSolution
		{5CC37FB3-F69F-4A4F-9B92-AD29521C2DBD}.Debug|Any CPU.ActiveCfg = Debug|Any CPU
		{5CC37FB3-F69F-4A4F-9B92-AD29521C2DBD}.Debug|Any CPU.Build.0 = Debug|Any CPU
		{5CC37FB3-F69F-4A4F-9B92-AD29521C2DBD}.Release|Any CPU.ActiveCfg = Release|Any CPU
		{5CC37FB3-F69F-4A4F-9B92-AD29521C2DBD}.Release|Any CPU.Build.0 = Release|Any CPU
	EndGlobalSection
	GlobalSection(SolutionProperties) = preSolution
		HideSolutionNode = FALSE
	EndGlobalSection
	GlobalSection(ExtensibilityGlobals) = postSolution
		SolutionGuid = {883B1945-5F60-495D-B255-16032BE0CEBA}
	EndGlobalSection
EndGlobal
